
Microsoft Visual Studio Solution File, Format Version 12.00
# Visual Studio Version 17
VisualStudioVersion = 17.0.31919.166
MinimumVisualStudioVersion = 10.0.40219.1
Project("{9A19103F-16F7-4668-BE54-9A1E7A4F7556}") = "Intro", "Intro\Intro.csproj", "{0D249F34-B59C-4B69-AD53-77104C4441E5}"
EndProject
Project("{FAE04EC0-301F-11D3-BF4B-00C04F79EFBC}") = "Classes", "Classes\Classes.csproj", "{42D635AE-8766-4B27-9E65-F1338FB9CBFF}"
EndProject
Project("{FAE04EC0-301F-11D3-BF4B-00C04F79EFBC}") = "Workshop1", "Workshop1\Workshop1.csproj", "{CA12F0FE-627B-4ACA-B378-2BE4BDB92446}"
EndProject
Global
	GlobalSection(SolutionConfigurationPlatforms) = preSolution
		Debug|Any CPU = Debug|Any CPU
		Release|Any CPU = Release|Any CPU
	EndGlobalSection
	GlobalSection(ProjectConfigurationPlatforms) = postSolution
		{0D249F34-B59C-4B69-AD53-77104C4441E5}.Debug|Any CPU.ActiveCfg = Debug|Any CPU
		{0D249F34-B59C-4B69-AD53-77104C4441E5}.Debug|Any CPU.Build.0 = Debug|Any CPU
		{0D249F34-B59C-4B69-AD53-77104C4441E5}.Release|Any CPU.ActiveCfg = Release|Any CPU
		{0D249F34-B59C-4B69-AD53-77104C4441E5}.Release|Any CPU.Build.0 = Release|Any CPU
		{42D635AE-8766-4B27-9E65-F1338FB9CBFF}.Debug|Any CPU.ActiveCfg = Debug|Any CPU
		{42D635AE-8766-4B27-9E65-F1338FB9CBFF}.Debug|Any CPU.Build.0 = Debug|Any CPU
		{42D635AE-8766-4B27-9E65-F1338FB9CBFF}.Release|Any CPU.ActiveCfg = Release|Any CPU
		{42D635AE-8766-4B27-9E65-F1338FB9CBFF}.Release|Any CPU.Build.0 = Release|Any CPU
		{CA12F0FE-627B-4ACA-B378-2BE4BDB92446}.Debug|Any CPU.ActiveCfg = Debug|Any CPU
		{CA12F0FE-627B-4ACA-B378-2BE4BDB92446}.Debug|Any CPU.Build.0 = Debug|Any CPU
		{CA12F0FE-627B-4ACA-B378-2BE4BDB92446}.Release|Any CPU.ActiveCfg = Release|Any CPU
		{CA12F0FE-627B-4ACA-B378-2BE4BDB92446}.Release|Any CPU.Build.0 = Release|Any CPU
	EndGlobalSection
	GlobalSection(SolutionProperties) = preSolution
		HideSolutionNode = FALSE
	EndGlobalSection
	GlobalSection(ExtensibilityGlobals) = postSolution
		SolutionGuid = {9A4ED4AD-906E-446E-A5EE-55296F24DB59}
	EndGlobalSection
EndGlobal
